
Microsoft Visual Studio Solution File, Format Version 11.00
# Visual Studio 2010
Project("{FAE04EC0-301F-11D3-BF4B-00C04F79EFBC}") = "Assembly-CSharp", "Assembly-CSharp.csproj", "{245037ab-970a-bdb4-a812-2c2ee61be5c1}"
EndProject
Project("{FAE04EC0-301F-11D3-BF4B-00C04F79EFBC}") = "Assembly-CSharp-Editor", "Assembly-CSharp-Editor.csproj", "{8fbd3fa9-9d93-4ecc-d0b2-9f71b8c79286}"
EndProject
Global
	GlobalSection(SolutionConfigurationPlatforms) = preSolution
		Debug|Any CPU = Debug|Any CPU
	EndGlobalSection
	GlobalSection(ProjectConfigurationPlatforms) = postSolution
		{245037ab-970a-bdb4-a812-2c2ee61be5c1}.Debug|Any CPU.ActiveCfg = Debug|Any CPU
		{245037ab-970a-bdb4-a812-2c2ee61be5c1}.Debug|Any CPU.Build.0 = Debug|Any CPU
		{8fbd3fa9-9d93-4ecc-d0b2-9f71b8c79286}.Debug|Any CPU.ActiveCfg = Debug|Any CPU
		{8fbd3fa9-9d93-4ecc-d0b2-9f71b8c79286}.Debug|Any CPU.Build.0 = Debug|Any CPU
	EndGlobalSection
	GlobalSection(SolutionProperties) = preSolution
		HideSolutionNode = FALSE
	EndGlobalSection
EndGlobal
